
Microsoft Visual Studio Solution File, Format Version 12.00
# Visual Studio Version 17
VisualStudioVersion = 17.1.32414.318
MinimumVisualStudioVersion = 10.0.40219.1
Project("{FAE04EC0-301F-11D3-BF4B-00C04F79EFBC}") = "project1_messagebox", "project1_messagebox\project1_messagebox.csproj", "{92678428-53B0-4736-AB04-19D16B606F52}"
EndProject
Global
	GlobalSection(SolutionConfigurationPlatforms) = preSolution
		Debug|Any CPU = Debug|Any CPU
		Release|Any CPU = Release|Any CPU
	EndGlobalSection
	GlobalSection(ProjectConfigurationPlatforms) = postSolution
		{92678428-53B0-4736-AB04-19D16B606F52}.Debug|Any CPU.ActiveCfg = Debug|Any CPU
		{92678428-53B0-4736-AB04-19D16B606F52}.Debug|Any CPU.Build.0 = Debug|Any CPU
		{92678428-53B0-4736-AB04-19D16B606F52}.Release|Any CPU.ActiveCfg = Release|Any CPU
		{92678428-53B0-4736-AB04-19D16B606F52}.Release|Any CPU.Build.0 = Release|Any CPU
	EndGlobalSection
	GlobalSection(SolutionProperties) = preSolution
		HideSolutionNode = FALSE
	EndGlobalSection
	GlobalSection(ExtensibilityGlobals) = postSolution
		SolutionGuid = {E66891E6-86F8-4995-8D56-E1CEBB0DD9FE}
	EndGlobalSection
EndGlobal
